
Microsoft Visual Studio Solution File, Format Version 12.00
# Visual Studio Version 17
VisualStudioVersion = 17.8.34330.188
MinimumVisualStudioVersion = 10.0.40219.1
Project("{FAE04EC0-301F-11D3-BF4B-00C04F79EFBC}") = "C#AppTesting", "C#AppTesting\C#AppTesting.csproj", "{30716B55-2CEE-48B0-A5A7-513E48A9AA8B}"
EndProject
Global
	GlobalSection(SolutionConfigurationPlatforms) = preSolution
		Debug|Any CPU = Debug|Any CPU
		Release|Any CPU = Release|Any CPU
	EndGlobalSection
	GlobalSection(ProjectConfigurationPlatforms) = postSolution
		{30716B55-2CEE-48B0-A5A7-513E48A9AA8B}.Debug|Any CPU.ActiveCfg = Debug|Any CPU
		{30716B55-2CEE-48B0-A5A7-513E48A9AA8B}.Debug|Any CPU.Build.0 = Debug|Any CPU
		{30716B55-2CEE-48B0-A5A7-513E48A9AA8B}.Release|Any CPU.ActiveCfg = Release|Any CPU
		{30716B55-2CEE-48B0-A5A7-513E48A9AA8B}.Release|Any CPU.Build.0 = Release|Any CPU
	EndGlobalSection
	GlobalSection(SolutionProperties) = preSolution
		HideSolutionNode = FALSE
	EndGlobalSection
	GlobalSection(ExtensibilityGlobals) = postSolution
		SolutionGuid = {BFFA3114-19FA-42A8-A980-C80104E9141D}
	EndGlobalSection
EndGlobal
